
Microsoft Visual Studio Solution File, Format Version 12.00
# Visual Studio Version 16
VisualStudioVersion = 16.0.30907.101
MinimumVisualStudioVersion = 10.0.40219.1
Project("{888888A0-9F3D-457C-B088-3A5042F75D52}") = "variant4_tulusa", "variant4_tulusa.pyproj", "{15988CEE-B07A-4C66-8E08-25CC63EF4A59}"
EndProject
Global
	GlobalSection(SolutionConfigurationPlatforms) = preSolution
		Debug|Any CPU = Debug|Any CPU
		Release|Any CPU = Release|Any CPU
	EndGlobalSection
	GlobalSection(ProjectConfigurationPlatforms) = postSolution
		{15988CEE-B07A-4C66-8E08-25CC63EF4A59}.Debug|Any CPU.ActiveCfg = Debug|Any CPU
		{15988CEE-B07A-4C66-8E08-25CC63EF4A59}.Release|Any CPU.ActiveCfg = Release|Any CPU
	EndGlobalSection
	GlobalSection(SolutionProperties) = preSolution
		HideSolutionNode = FALSE
	EndGlobalSection
	GlobalSection(ExtensibilityGlobals) = postSolution
		SolutionGuid = {F7501FDA-CEEC-498F-96CE-117269519DF2}
	EndGlobalSection
EndGlobal
